<?xml version="1.0" encoding="utf-8"?>
<Project ToolsVersion="4.0" xmlns="http://schemas.microsoft.com/developer/msbuild/2003">
  <ItemGroup>
    <Filter Include="Source Files">
      <UniqueIdentifier>{4FC737F1-C7A5-4376-A066-2A32D752A2FF}</UniqueIdentifier>
      <Extensions>cpp;c;cc;cxx;c++;cppm;ixx;def;odl;idl;hpj;bat;asm;asmx</Extensions>
    </Filter>
    <Filter Include="Header Files">
      <UniqueIdentifier>{93995380-89BD-4b04-88EB-625FBE52EBFB}</UniqueIdentifier>
      <Extensions>h;hh;hpp;hxx;h++;hm;inl;inc;ipp;xsd</Extensions>
    </Filter>
    <Filter Include="Resource Files">
      <UniqueIdentifier>{67DA6AB6-F800-4c08-8B7A-83BB121AAD01}</UniqueIdentifier>
      <Extensions>rc;ico;cur;bmp;dlg;rc2;rct;bin;rgs;gif;jpg;jpeg;jpe;resx;tiff;tif;png;wav;mfcribbon-ms</Extensions>
    </Filter>
  </ItemGroup>
  <ItemGroup>
    <ClCompile Include="src\dllmain.cpp">
      <Filter>Source Files</Filter>
    </ClCompile>
    <ClCompile Include="include\ue\core\uobject.cpp">
      <Filter>Source Files</Filter>
    </ClCompile>
    <ClCompile Include="include\palworld\sdk.cpp">
      <Filter>Source Files</Filter>
    </ClCompile>
    <ClCompile Include="include\ue\offsets.cpp">
      <Filter>Source Files</Filter>
    </ClCompile>
    <ClCompile Include="include\ue\engine\aactor.cpp">
      <Filter>Source Files</Filter>
    </ClCompile>
    <ClCompile Include="include\palworld\hook.cpp">
      <Filter>Source Files</Filter>
    </ClCompile>
    <ClCompile Include="src\admin\callbacks\chat.cpp">
      <Filter>Source Files</Filter>
    </ClCompile>
    <ClCompile Include="src\admin\server\server.cpp">
      <Filter>Source Files</Filter>
    </ClCompile>
    <ClCompile Include="include\palworld\hooks\process_event.cpp">
      <Filter>Source Files</Filter>
    </ClCompile>
    <ClCompile Include="include\palworld\hooks\broadcast_chat_message.cpp">
      <Filter>Source Files</Filter>
    </ClCompile>
    <ClCompile Include="include\palworld\hooks\static_construct_object.cpp">
      <Filter>Source Files</Filter>
    </ClCompile>
    <ClCompile Include="wrapper\d3d9_wrapper.cpp">
      <Filter>Source Files</Filter>
    </ClCompile>
  </ItemGroup>
  <ItemGroup>
    <ClInclude Include="include\ue\primitives\fguid.h">
      <Filter>Header Files</Filter>
    </ClInclude>
    <ClInclude Include="include\ue\primitives\flinearcolor.h">
      <Filter>Header Files</Filter>
    </ClInclude>
    <ClInclude Include="include\ue\primitives\fmatrix.h">
      <Filter>Header Files</Filter>
    </ClInclude>
    <ClInclude Include="include\ue\primitives\frotator.h">
      <Filter>Header Files</Filter>
    </ClInclude>
    <ClInclude Include="include\ue\primitives\ftransform.h">
      <Filter>Header Files</Filter>
    </ClInclude>
    <ClInclude Include="include\ue\primitives\fvector.h">
      <Filter>Header Files</Filter>
    </ClInclude>
    <ClInclude Include="include\ue\primitives\fvector2d.h">
      <Filter>Header Files</Filter>
    </ClInclude>
    <ClInclude Include="include\ue\primitives\fvector4.h">
      <Filter>Header Files</Filter>
    </ClInclude>
    <ClInclude Include="include\ue\primitives.h">
      <Filter>Header Files</Filter>
    </ClInclude>
    <ClInclude Include="include\ue\ue.h">
      <Filter>Header Files</Filter>
    </ClInclude>
    <ClInclude Include="include\ue\typedefs.h">
      <Filter>Header Files</Filter>
    </ClInclude>
    <ClInclude Include="include\lazy_importer.h">
      <Filter>Header Files</Filter>
    </ClInclude>
    <ClInclude Include="include\palworld\sdk.h">
      <Filter>Header Files</Filter>
    </ClInclude>
    <ClInclude Include="include\ue\enums\flags.h">
      <Filter>Header Files</Filter>
    </ClInclude>
    <ClInclude Include="include\ue\enums.h">
      <Filter>Header Files</Filter>
    </ClInclude>
    <ClInclude Include="include\ue\utils\pattern_scanner.h">
      <Filter>Header Files</Filter>
    </ClInclude>
    <ClInclude Include="include\ue\utils.h">
      <Filter>Header Files</Filter>
    </ClInclude>
    <ClInclude Include="include\ue\utils\log.h">
      <Filter>Header Files</Filter>
    </ClInclude>
    <ClInclude Include="include\ue\utils\console.h">
      <Filter>Header Files</Filter>
    </ClInclude>
    <ClInclude Include="include\admin\server.h">
      <Filter>Header Files</Filter>
    </ClInclude>
    <ClInclude Include="include\config_file.h">
      <Filter>Header Files</Filter>
    </ClInclude>
    <ClInclude Include="include\nlohmann\json.hpp">
      <Filter>Header Files</Filter>
    </ClInclude>
    <ClInclude Include="include\nlohmann\json_fwd.hpp">
      <Filter>Header Files</Filter>
    </ClInclude>
    <ClInclude Include="include\ue\core\array\fnamepool.h">
      <Filter>Header Files</Filter>
    </ClInclude>
    <ClInclude Include="include\ue\core\array\tarray.h">
      <Filter>Header Files</Filter>
    </ClInclude>
    <ClInclude Include="include\ue\core\array\tenum.h">
      <Filter>Header Files</Filter>
    </ClInclude>
    <ClInclude Include="include\ue\core\array\tobjectarray.h">
      <Filter>Header Files</Filter>
    </ClInclude>
    <ClInclude Include="include\ue\core\class\uclass.h">
      <Filter>Header Files</Filter>
    </ClInclude>
    <ClInclude Include="include\ue\core\class\ufield.h">
      <Filter>Header Files</Filter>
    </ClInclude>
    <ClInclude Include="include\ue\core\class\ufunction.h">
      <Filter>Header Files</Filter>
    </ClInclude>
    <ClInclude Include="include\ue\core\class\uproperty.h">
      <Filter>Header Files</Filter>
    </ClInclude>
    <ClInclude Include="include\ue\core\class\ustruct.h">
      <Filter>Header Files</Filter>
    </ClInclude>
    <ClInclude Include="include\ue\core\fname.h">
      <Filter>Header Files</Filter>
    </ClInclude>
    <ClInclude Include="include\ue\core\fstring.h">
      <Filter>Header Files</Filter>
    </ClInclude>
    <ClInclude Include="include\ue\core\processevent.h">
      <Filter>Header Files</Filter>
    </ClInclude>
    <ClInclude Include="include\ue\engine\staticconstructobject_internal.h">
      <Filter>Header Files</Filter>
    </ClInclude>
    <ClInclude Include="include\ue\core\uconsole.h">
      <Filter>Header Files</Filter>
    </ClInclude>
    <ClInclude Include="include\ue\core\uobject.h">
      <Filter>Header Files</Filter>
    </ClInclude>
    <ClInclude Include="include\ue\core\vfunction.h">
      <Filter>Header Files</Filter>
    </ClInclude>
    <ClInclude Include="include\ue\offsets.h">
      <Filter>Header Files</Filter>
    </ClInclude>
    <ClInclude Include="include\ue\memory.h">
      <Filter>Header Files</Filter>
    </ClInclude>
    <ClInclude Include="include\ue\engine\controller\acontroller.h">
      <Filter>Header Files</Filter>
    </ClInclude>
    <ClInclude Include="include\ue\engine\controller\aplayercontroller.h">
      <Filter>Header Files</Filter>
    </ClInclude>
    <ClInclude Include="include\ue\engine\aactor.h">
      <Filter>Header Files</Filter>
    </ClInclude>
    <ClInclude Include="include\ue\engine\acharacter.h">
      <Filter>Header Files</Filter>
    </ClInclude>
    <ClInclude Include="include\ue\engine\agamestatebase.h">
      <Filter>Header Files</Filter>
    </ClInclude>
    <ClInclude Include="include\ue\engine\apawn.h">
      <Filter>Header Files</Filter>
    </ClInclude>
    <ClInclude Include="include\ue\engine\aplayerstate.h">
      <Filter>Header Files</Filter>
    </ClInclude>
    <ClInclude Include="include\ue\engine\uengine.h">
      <Filter>Header Files</Filter>
    </ClInclude>
    <ClInclude Include="include\ue\engine\ugameinstance.h">
      <Filter>Header Files</Filter>
    </ClInclude>
    <ClInclude Include="include\ue\engine\ugameplaystatics.h">
      <Filter>Header Files</Filter>
    </ClInclude>
    <ClInclude Include="include\ue\engine\ulevel.h">
      <Filter>Header Files</Filter>
    </ClInclude>
    <ClInclude Include="include\ue\engine\uplayer.h">
      <Filter>Header Files</Filter>
    </ClInclude>
    <ClInclude Include="include\ue\engine\uviewportclient.h">
      <Filter>Header Files</Filter>
    </ClInclude>
    <ClInclude Include="include\ue\engine\uworld.h">
      <Filter>Header Files</Filter>
    </ClInclude>
    <ClInclude Include="include\palworld\callback.h">
      <Filter>Header Files</Filter>
    </ClInclude>
    <ClInclude Include="include\palworld\hooks.h">
      <Filter>Header Files</Filter>
    </ClInclude>
    <ClInclude Include="include\palworld\sdk\pal_chat_message.h">
      <Filter>Header Files</Filter>
    </ClInclude>
    <ClInclude Include="include\palworld\sdk\ue.h">
      <Filter>Header Files</Filter>
    </ClInclude>
    <ClInclude Include="include\palworld\sdk\enums\chat.h">
      <Filter>Header Files</Filter>
    </ClInclude>
    <ClInclude Include="include\palworld\sdk\enums.h">
      <Filter>Header Files</Filter>
    </ClInclude>
    <ClInclude Include="include\admin\callbacks.h">
      <Filter>Header Files</Filter>
    </ClInclude>
    <ClInclude Include="include\palworld\palworld.h">
      <Filter>Header Files</Filter>
    </ClInclude>
    <ClInclude Include="wrapper\d3d9_module_manager.h">
      <Filter>Header Files</Filter>
    </ClInclude>
    <ClInclude Include="include\palworld\sdk\character\pal_character.h">
      <Filter>Header Files</Filter>
    </ClInclude>
    <ClInclude Include="include\ue\core\array\tmap.h">
      <Filter>Header Files</Filter>
    </ClInclude>
    <ClInclude Include="include\palworld\sdk\pal_utility.h">
      <Filter>Header Files</Filter>
    </ClInclude>
    <ClInclude Include="include\palworld\sdk\component\pal_character_parameter_component.h">
      <Filter>Header Files</Filter>
    </ClInclude>
    <ClInclude Include="include\palworld\sdk\character\pal_player_character.h">
      <Filter>Header Files</Filter>
    </ClInclude>
    <ClInclude Include="include\ue\core\ftext.h">
      <Filter>Header Files</Filter>
    </ClInclude>
  </ItemGroup>
  <ItemGroup>
    <None Include="wrapper\d3d9.def">
      <Filter>Source Files</Filter>
    </None>
  </ItemGroup>
</Project>